# THIS IS AN AUTOGENERATED FILE. DO NOT EDIT THIS FILE DIRECTLY.
# yarn lockfile v1


"@types/debug@*":
  version "0.0.29"
  resolved "https://registry.yarnpkg.com/@types/debug/-/debug-0.0.29.tgz#a1e514adfbd92f03a224ba54d693111dbf1f3754"

"@types/denodeify@^1.2.30":
  version "1.2.30"
  resolved "https://registry.yarnpkg.com/@types/denodeify/-/denodeify-1.2.30.tgz#9e356062b44524e7a399fb446d836fcfe352b9dc"

"@types/jszip@0.0.32":
  version "0.0.32"
  resolved "https://registry.yarnpkg.com/@types/jszip/-/jszip-0.0.32.tgz#08f717c3fa3daa3feda6fbba9e12d90783c932ab"

"@types/node@*", "@types/node@^7.0.7":
  version "7.0.18"
  resolved "https://registry.yarnpkg.com/@types/node/-/node-7.0.18.tgz#cd67f27d3dc0cfb746f0bdd5e086c4c5d55be173"

"@types/pouchdb-adapter-fruitdown@*":
  version "6.1.0"
  resolved "https://registry.yarnpkg.com/@types/pouchdb-adapter-fruitdown/-/pouchdb-adapter-fruitdown-6.1.0.tgz#72aa47208e41a214ddf56c5b77b8d79a7eb083f7"
  dependencies:
    "@types/pouchdb-core" "*"

"@types/pouchdb-adapter-http@*":
  version "6.1.0"
  resolved "https://registry.yarnpkg.com/@types/pouchdb-adapter-http/-/pouchdb-adapter-http-6.1.0.tgz#0e9aa28f7028c72127efe97d7573539eecfc24ce"
  dependencies:
    "@types/pouchdb-core" "*"

"@types/pouchdb-adapter-idb@*":
  version "6.1.0"
  resolved "https://registry.yarnpkg.com/@types/pouchdb-adapter-idb/-/pouchdb-adapter-idb-6.1.0.tgz#edec559f6b6f45541d3051cc23048da2c876e4b2"
  dependencies:
    "@types/pouchdb-core" "*"

"@types/pouchdb-adapter-leveldb@*":
  version "6.1.0"
  resolved "https://registry.yarnpkg.com/@types/pouchdb-adapter-leveldb/-/pouchdb-adapter-leveldb-6.1.0.tgz#94c7c212390082d8a2924abae5c013f9fb08af61"
  dependencies:
    "@types/pouchdb-core" "*"

"@types/pouchdb-adapter-localstorage@*":
  version "6.1.0"
  resolved "https://registry.yarnpkg.com/@types/pouchdb-adapter-localstorage/-/pouchdb-adapter-localstorage-6.1.0.tgz#07c4033eca96a44327ca6768b01196cd25c50798"
  dependencies:
    "@types/pouchdb-core" "*"

"@types/pouchdb-adapter-memory@*":
  version "6.1.0"
  resolved "https://registry.yarnpkg.com/@types/pouchdb-adapter-memory/-/pouchdb-adapter-memory-6.1.0.tgz#c6640b5b52869fea64adc2fb904b7e709b5e279a"
  dependencies:
    "@types/pouchdb-core" "*"

"@types/pouchdb-adapter-node-websql@*":
  version "6.1.0"
  resolved "https://registry.yarnpkg.com/@types/pouchdb-adapter-node-websql/-/pouchdb-adapter-node-websql-6.1.0.tgz#af0fae7eb52f6733c9ae58145cc3d8252353d9c5"
  dependencies:
    "@types/pouchdb-adapter-websql" "*"
    "@types/pouchdb-core" "*"

"@types/pouchdb-adapter-websql@*":
  version "6.1.0"
  resolved "https://registry.yarnpkg.com/@types/pouchdb-adapter-websql/-/pouchdb-adapter-websql-6.1.0.tgz#b38b734b7da6b3e8788770bfe25600c3b5645374"
  dependencies:
    "@types/pouchdb-core" "*"

"@types/pouchdb-browser@*":
  version "6.1.0"
  resolved "https://registry.yarnpkg.com/@types/pouchdb-browser/-/pouchdb-browser-6.1.0.tgz#09ead4fcf8a18bce1120f4f424b2caf63bf0bf39"
  dependencies:
    "@types/pouchdb-adapter-http" "*"
    "@types/pouchdb-adapter-idb" "*"
    "@types/pouchdb-adapter-websql" "*"
    "@types/pouchdb-core" "*"
    "@types/pouchdb-mapreduce" "*"
    "@types/pouchdb-replication" "*"

"@types/pouchdb-core@*":
  version "6.1.1"
  resolved "https://registry.yarnpkg.com/@types/pouchdb-core/-/pouchdb-core-6.1.1.tgz#4fa0389d656959415fc5231de56dec857e954bb2"
  dependencies:
    "@types/debug" "*"
    "@types/node" "*"

"@types/pouchdb-http@*":
  version "6.1.0"
  resolved "https://registry.yarnpkg.com/@types/pouchdb-http/-/pouchdb-http-6.1.0.tgz#0c859f9ed198ceda23b0f6c826ff44c76e4c45ff"
  dependencies:
    "@types/pouchdb-adapter-http" "*"
    "@types/pouchdb-core" "*"

"@types/pouchdb-mapreduce@*":
  version "6.1.0"
  resolved "https://registry.yarnpkg.com/@types/pouchdb-mapreduce/-/pouchdb-mapreduce-6.1.0.tgz#e1c105a2bc255bb558ae2f415fac1a39555f63f3"
  dependencies:
    "@types/pouchdb-core" "*"

"@types/pouchdb-node@*":
  version "6.1.0"
  resolved "https://registry.yarnpkg.com/@types/pouchdb-node/-/pouchdb-node-6.1.0.tgz#fd964baed6685042275dd8758873441afd817691"
  dependencies:
    "@types/pouchdb-adapter-http" "*"
    "@types/pouchdb-adapter-leveldb" "*"
    "@types/pouchdb-core" "*"
    "@types/pouchdb-mapreduce" "*"
    "@types/pouchdb-replication" "*"

"@types/pouchdb-replication@*":
  version "6.1.0"
  resolved "https://registry.yarnpkg.com/@types/pouchdb-replication/-/pouchdb-replication-6.1.0.tgz#f88258922ab69d26b728bc54716c80f92e0a3af0"
  dependencies:
    "@types/pouchdb-core" "*"

"@types/pouchdb@^5.4.28":
  version "5.4.28"
  resolved "https://registry.yarnpkg.com/@types/pouchdb/-/pouchdb-5.4.28.tgz#98fdfd25b1ff83d0fafe511155983cc8ecfacaaa"
  dependencies:
    "@types/pouchdb-adapter-fruitdown" "*"
    "@types/pouchdb-adapter-http" "*"
    "@types/pouchdb-adapter-idb" "*"
    "@types/pouchdb-adapter-leveldb" "*"
    "@types/pouchdb-adapter-localstorage" "*"
    "@types/pouchdb-adapter-memory" "*"
    "@types/pouchdb-adapter-node-websql" "*"
    "@types/pouchdb-adapter-websql" "*"
    "@types/pouchdb-browser" "*"
    "@types/pouchdb-core" "*"
    "@types/pouchdb-http" "*"
    "@types/pouchdb-mapreduce" "*"
    "@types/pouchdb-node" "*"
    "@types/pouchdb-replication" "*"

abstract-leveldown@2.4.1, abstract-leveldown@~2.4.0:
  version "2.4.1"
  resolved "https://registry.yarnpkg.com/abstract-leveldown/-/abstract-leveldown-2.4.1.tgz#b3bfedb884eb693a12775f0c55e9f0a420ccee64"
  dependencies:
    xtend "~4.0.0"

argsarray@0.0.1:
  version "0.0.1"
  resolved "https://registry.yarnpkg.com/argsarray/-/argsarray-0.0.1.tgz#6e7207b4ecdb39b0af88303fa5ae22bda8df61cb"

buffer-from@0.1.1:
  version "0.1.1"
  resolved "https://registry.yarnpkg.com/buffer-from/-/buffer-from-0.1.1.tgz#57b18b1da0a19ec06f33837a5275a242351bd75e"
  dependencies:
    is-array-buffer-x "^1.0.13"

buffer-shims@~1.0.0:
  version "1.0.0"
  resolved "https://registry.yarnpkg.com/buffer-shims/-/buffer-shims-1.0.0.tgz#9978ce317388c649ad8793028c3477ef044a8b51"

clone-buffer@1.0.0:
  version "1.0.0"
  resolved "https://registry.yarnpkg.com/clone-buffer/-/clone-buffer-1.0.0.tgz#e3e25b207ac4e701af721e2cb5a16792cac3dc58"

core-js@~2.3.0:
  version "2.3.0"
  resolved "https://registry.yarnpkg.com/core-js/-/core-js-2.3.0.tgz#fab83fbb0b2d8dc85fa636c4b9d34c75420c6d65"

core-util-is@~1.0.0:
  version "1.0.2"
  resolved "https://registry.yarnpkg.com/core-util-is/-/core-util-is-1.0.2.tgz#b5fd54220aa2bc5ab57aab7140c940754503c1a7"

csv-parse@^1.2.0:
  version "1.2.0"
  resolved "https://registry.yarnpkg.com/csv-parse/-/csv-parse-1.2.0.tgz#047b73868ab9a85746e885f637f9ed0fb645a425"

csv-to-pouch@^2.0.3:
  version "2.0.3"
  resolved "https://registry.yarnpkg.com/csv-to-pouch/-/csv-to-pouch-2.0.3.tgz#2153677e413719df6f55440d113e82d883a98784"
  dependencies:
    csv-parse "^1.2.0"
    minimist "^1.2.0"
    stream-batch "^1.0.0"

deferred-leveldown@~1.2.1:
  version "1.2.1"
  resolved "https://registry.yarnpkg.com/deferred-leveldown/-/deferred-leveldown-1.2.1.tgz#5d25c3310f5fe909946f6240dc9f90dd109a71ef"
  dependencies:
    abstract-leveldown "~2.4.0"

denodeify@^1.2.1:
  version "1.2.1"
  resolved "https://registry.yarnpkg.com/denodeify/-/denodeify-1.2.1.tgz#3a36287f5034e699e7577901052c2e6c94251631"

docuri@^4.2.2:
  version "4.2.2"
  resolved "https://registry.yarnpkg.com/docuri/-/docuri-4.2.2.tgz#fdc7cf8b00ef648192034fccb59539b13fae0f6e"

double-ended-queue@2.1.0-0:
  version "2.1.0-0"
  resolved "https://registry.yarnpkg.com/double-ended-queue/-/double-ended-queue-2.1.0-0.tgz#103d3527fd31528f40188130c841efdd78264e5c"

errno@~0.1.1:
  version "0.1.4"
  resolved "https://registry.yarnpkg.com/errno/-/errno-0.1.4.tgz#b896e23a9e5e8ba33871fc996abd3635fc9a1c7d"
  dependencies:
    prr "~0.0.0"

es6-promise@~3.0.2:
  version "3.0.2"
  resolved "https://registry.yarnpkg.com/es6-promise/-/es6-promise-3.0.2.tgz#010d5858423a5f118979665f46486a95c6ee2bb6"

functional-red-black-tree@^1.0.1:
  version "1.0.1"
  resolved "https://registry.yarnpkg.com/functional-red-black-tree/-/functional-red-black-tree-1.0.1.tgz#1b0ab3bd553b2a0d6399d29c0e3ea0b252078327"

has-symbol-support-x@^1.2.0:
  version "1.2.0"
  resolved "https://registry.yarnpkg.com/has-symbol-support-x/-/has-symbol-support-x-1.2.0.tgz#e624ead5190c35b34e4e299344dff6437db02ce2"

has-to-string-tag-x@^1.2.0:
  version "1.2.0"
  resolved "https://registry.yarnpkg.com/has-to-string-tag-x/-/has-to-string-tag-x-1.2.0.tgz#c536dc4dbbebe1be9d28f624fd320f793129fd53"
  dependencies:
    has-symbol-support-x "^1.2.0"

immediate@3.0.6, immediate@~3.0.5:
  version "3.0.6"
  resolved "https://registry.yarnpkg.com/immediate/-/immediate-3.0.6.tgz#9db1dbd0faf8de6fbe0f5dd5e56bb606280de69b"

immediate@^3.2.3:
  version "3.2.3"
  resolved "https://registry.yarnpkg.com/immediate/-/immediate-3.2.3.tgz#d140fa8f614659bd6541233097ddaac25cdd991c"

inherits@2.0.3, inherits@^2.0.1, inherits@^2.0.3, inherits@~2.0.1:
  version "2.0.3"
  resolved "https://registry.yarnpkg.com/inherits/-/inherits-2.0.3.tgz#633c2c83e3da42a502f52466022480f4208261de"

is-array-buffer-x@^1.0.13:
  version "1.2.1"
  resolved "https://registry.yarnpkg.com/is-array-buffer-x/-/is-array-buffer-x-1.2.1.tgz#579180688b612b3691700d6c9ab335d6fd46955c"
  dependencies:
    has-to-string-tag-x "^1.2.0"
    is-object-like-x "^1.2.0"
    to-string-tag-x "^1.2.0"

is-function-x@^1.2.0:
  version "1.2.0"
  resolved "https://registry.yarnpkg.com/is-function-x/-/is-function-x-1.2.0.tgz#1c839899f07bd23dfc695e4f0655107be852762d"
  dependencies:
    has-to-string-tag-x "^1.2.0"
    is-primitive "^2.0.0"
    to-string-tag-x "^1.1.1"

is-object-like-x@^1.2.0:
  version "1.2.0"
  resolved "https://registry.yarnpkg.com/is-object-like-x/-/is-object-like-x-1.2.0.tgz#b5929d8f12ab92daee9d2f754b831844bcc08c21"
  dependencies:
    is-function-x "^1.2.0"
    is-primitive "^2.0.0"

is-primitive@^2.0.0:
  version "2.0.0"
  resolved "https://registry.yarnpkg.com/is-primitive/-/is-primitive-2.0.0.tgz#207bab91638499c07b2adf240a41a87210034575"

is-stream@^1.1.0:
  version "1.1.0"
  resolved "https://registry.yarnpkg.com/is-stream/-/is-stream-1.1.0.tgz#12d4a3dd4e68e0b79ceb8dbc84173ae80d91ca44"

isarray@0.0.1:
  version "0.0.1"
  resolved "https://registry.yarnpkg.com/isarray/-/isarray-0.0.1.tgz#8a18acfca9a8f4177e09abfc6038939b05d1eedf"

isarray@~1.0.0:
  version "1.0.0"
  resolved "https://registry.yarnpkg.com/isarray/-/isarray-1.0.0.tgz#bb935d48582cba168c06834957a54a3e07124f11"

json-stringify-safe@^5.0.1:
  version "5.0.1"
  resolved "https://registry.yarnpkg.com/json-stringify-safe/-/json-stringify-safe-5.0.1.tgz#1296a2d58fd45f19a0f6ce01d65701e2c735b6eb"

jszip@^3.1.3:
  version "3.1.3"
  resolved "https://registry.yarnpkg.com/jszip/-/jszip-3.1.3.tgz#8a920403b2b1651c0fc126be90192d9080957c37"
  dependencies:
    core-js "~2.3.0"
    es6-promise "~3.0.2"
    lie "~3.1.0"
    pako "~1.0.2"
    readable-stream "~2.0.6"

level-codec@7.0.0:
  version "7.0.0"
  resolved "https://registry.yarnpkg.com/level-codec/-/level-codec-7.0.0.tgz#c755b68d0d44ffa0b1cba044b8f81a55a14ad39b"

level-codec@~6.1.0:
  version "6.1.0"
  resolved "https://registry.yarnpkg.com/level-codec/-/level-codec-6.1.0.tgz#f5df0a99582f76dac43855151ab6f4e4d0d60045"

level-errors@^1.0.3, level-errors@~1.0.3:
  version "1.0.4"
  resolved "https://registry.yarnpkg.com/level-errors/-/level-errors-1.0.4.tgz#3585e623974c737a93755492a43c0267cda4425f"
  dependencies:
    errno "~0.1.1"

level-iterator-stream@~1.3.0:
  version "1.3.1"
  resolved "https://registry.yarnpkg.com/level-iterator-stream/-/level-iterator-stream-1.3.1.tgz#e43b78b1a8143e6fa97a4f485eb8ea530352f2ed"
  dependencies:
    inherits "^2.0.1"
    level-errors "^1.0.3"
    readable-stream "^1.0.33"
    xtend "^4.0.0"

levelup@1.3.5:
  version "1.3.5"
  resolved "https://registry.yarnpkg.com/levelup/-/levelup-1.3.5.tgz#fa80a972b74011f2537c8b65678bd8b5188e4e66"
  dependencies:
    deferred-leveldown "~1.2.1"
    level-codec "~6.1.0"
    level-errors "~1.0.3"
    level-iterator-stream "~1.3.0"
    prr "~1.0.1"
    semver "~5.1.0"
    xtend "~4.0.0"

lie@3.1.1, lie@~3.1.0:
  version "3.1.1"
  resolved "https://registry.yarnpkg.com/lie/-/lie-3.1.1.tgz#9a436b2cc7746ca59de7a41fa469b3efb76bd87e"
  dependencies:
    immediate "~3.0.5"

lodash.isnull@^3.0.0:
  version "3.0.0"
  resolved "https://registry.yarnpkg.com/lodash.isnull/-/lodash.isnull-3.0.0.tgz#fafbe59ea1dca27eed786534039dd84c2e07c56e"

lodash.pick@^4.0.0:
  version "4.4.0"
  resolved "https://registry.yarnpkg.com/lodash.pick/-/lodash.pick-4.4.0.tgz#52f05610fff9ded422611441ed1fc123a03001b3"

ltgt@2.1.3, ltgt@~2.1.3:
  version "2.1.3"
  resolved "https://registry.yarnpkg.com/ltgt/-/ltgt-2.1.3.tgz#10851a06d9964b971178441c23c9e52698eece34"

memdown@1.2.4:
  version "1.2.4"
  resolved "https://registry.yarnpkg.com/memdown/-/memdown-1.2.4.tgz#cd9a34aaf074d53445a271108eb4b8dd4ec0f27f"
  dependencies:
    abstract-leveldown "2.4.1"
    functional-red-black-tree "^1.0.1"
    immediate "^3.2.3"
    inherits "~2.0.1"
    ltgt "~2.1.3"

minimist@^1.2.0:
  version "1.2.0"
  resolved "https://registry.yarnpkg.com/minimist/-/minimist-1.2.0.tgz#a35008b20f41383eec1fb914f4cd5df79a264284"

ndjson@^1.4.3:
  version "1.5.0"
  resolved "https://registry.yarnpkg.com/ndjson/-/ndjson-1.5.0.tgz#ae603b36b134bcec347b452422b0bf98d5832ec8"
  dependencies:
    json-stringify-safe "^5.0.1"
    minimist "^1.2.0"
    split2 "^2.1.0"
    through2 "^2.0.3"

pako@~1.0.2:
  version "1.0.5"
  resolved "https://registry.yarnpkg.com/pako/-/pako-1.0.5.tgz#d2205dfe5b9da8af797e7c163db4d1f84e4600bc"

pouch-stream@^0.4.0:
  version "0.4.1"
  resolved "https://registry.yarnpkg.com/pouch-stream/-/pouch-stream-0.4.1.tgz#0c6d8475c9307677627991a2f079b301c3b89bdd"
  dependencies:
    inherits "^2.0.1"
    readable-stream "^1.0.27-1"

pouchdb-adapter-leveldb-core@6.2.0:
  version "6.2.0"
  resolved "https://registry.yarnpkg.com/pouchdb-adapter-leveldb-core/-/pouchdb-adapter-leveldb-core-6.2.0.tgz#9f04bd422a80d5618125ff6154fe0475ced142e5"
  dependencies:
    argsarray "0.0.1"
    buffer-from "0.1.1"
    double-ended-queue "2.1.0-0"
    levelup "1.3.5"
    pouchdb-adapter-utils "6.2.0"
    pouchdb-binary-utils "6.2.0"
    pouchdb-collections "6.2.0"
    pouchdb-errors "6.2.0"
    pouchdb-json "6.2.0"
    pouchdb-md5 "6.2.0"
    pouchdb-merge "6.2.0"
    pouchdb-promise "6.2.0"
    pouchdb-utils "6.2.0"
    sublevel-pouchdb "6.2.0"
    through2 "2.0.3"

pouchdb-adapter-memory@^6.1.2:
  version "6.2.0"
  resolved "https://registry.yarnpkg.com/pouchdb-adapter-memory/-/pouchdb-adapter-memory-6.2.0.tgz#1bede8fc13d5668ec18c04e89fef3292b01565c0"
  dependencies:
    memdown "1.2.4"
    pouchdb-adapter-leveldb-core "6.2.0"
    pouchdb-utils "6.2.0"

pouchdb-adapter-utils@6.2.0:
  version "6.2.0"
  resolved "https://registry.yarnpkg.com/pouchdb-adapter-utils/-/pouchdb-adapter-utils-6.2.0.tgz#39891ea922e883879e89c216bab69820823fef58"
  dependencies:
    pouchdb-binary-utils "6.2.0"
    pouchdb-collections "6.2.0"
    pouchdb-errors "6.2.0"
    pouchdb-md5 "6.2.0"
    pouchdb-merge "6.2.0"
    pouchdb-utils "6.2.0"

pouchdb-binary-utils@6.2.0:
  version "6.2.0"
  resolved "https://registry.yarnpkg.com/pouchdb-binary-utils/-/pouchdb-binary-utils-6.2.0.tgz#dc4154c01b92fb9ad87fdf695394a91b5d9429bf"
  dependencies:
    buffer-from "0.1.1"

pouchdb-collections@6.2.0:
  version "6.2.0"
  resolved "https://registry.yarnpkg.com/pouchdb-collections/-/pouchdb-collections-6.2.0.tgz#f532601870cbd329ba0c6005bcdd301126825be2"

pouchdb-errors@6.2.0:
  version "6.2.0"
  resolved "https://registry.yarnpkg.com/pouchdb-errors/-/pouchdb-errors-6.2.0.tgz#5ccbefaf2b92e918d5d90b5a5b779376464b5907"
  dependencies:
    inherits "2.0.3"

pouchdb-json@6.2.0:
  version "6.2.0"
  resolved "https://registry.yarnpkg.com/pouchdb-json/-/pouchdb-json-6.2.0.tgz#3c3242571b67fb637d71226fdb677fc3450cd92d"
  dependencies:
    vuvuzela "1.0.3"

pouchdb-md5@6.2.0:
  version "6.2.0"
  resolved "https://registry.yarnpkg.com/pouchdb-md5/-/pouchdb-md5-6.2.0.tgz#7581fc4e932c57c78ee48d25a7d0014bff008e4d"
  dependencies:
    pouchdb-binary-utils "6.2.0"
    spark-md5 "3.0.0"

pouchdb-merge@6.2.0:
  version "6.2.0"
  resolved "https://registry.yarnpkg.com/pouchdb-merge/-/pouchdb-merge-6.2.0.tgz#65ca6d94aed6f9b3b51fed9318d33a302a99ee2f"

pouchdb-promise@6.2.0, pouchdb-promise@^6.0.4:
  version "6.2.0"
  resolved "https://registry.yarnpkg.com/pouchdb-promise/-/pouchdb-promise-6.2.0.tgz#1e4fcec0aa0678df583e6a7b4b996ba010a608fe"
  dependencies:
    lie "3.1.1"

pouchdb-replication-stream@^1.2.9:
  version "1.2.9"
  resolved "https://registry.yarnpkg.com/pouchdb-replication-stream/-/pouchdb-replication-stream-1.2.9.tgz#aa4fa5d8f52df4825392f18e07c7e11acffc650a"
  dependencies:
    argsarray "0.0.1"
    inherits "^2.0.3"
    lodash.pick "^4.0.0"
    ndjson "^1.4.3"
    pouch-stream "^0.4.0"
    pouchdb-promise "^6.0.4"
    through2 "^2.0.0"

pouchdb-utils@6.2.0:
  version "6.2.0"
  resolved "https://registry.yarnpkg.com/pouchdb-utils/-/pouchdb-utils-6.2.0.tgz#cd8d4207a34e478b49af201ff0c51ea733244061"
  dependencies:
    argsarray "0.0.1"
    clone-buffer "1.0.0"
    immediate "3.0.6"
    inherits "2.0.3"
    pouchdb-collections "6.2.0"
    pouchdb-errors "6.2.0"
    pouchdb-promise "6.2.0"

process-nextick-args@~1.0.6:
  version "1.0.7"
  resolved "https://registry.yarnpkg.com/process-nextick-args/-/process-nextick-args-1.0.7.tgz#150e20b756590ad3f91093f25a4f2ad8bff30ba3"

promise-stream-utils@^1.0.9:
  version "1.0.9"
  resolved "https://registry.yarnpkg.com/promise-stream-utils/-/promise-stream-utils-1.0.9.tgz#b9d265a60915b3fd159238fdce846041dc94b791"

prr@~0.0.0:
  version "0.0.0"
  resolved "https://registry.yarnpkg.com/prr/-/prr-0.0.0.tgz#1a84b85908325501411853d0081ee3fa86e2926a"

prr@~1.0.1:
  version "1.0.1"
  resolved "https://registry.yarnpkg.com/prr/-/prr-1.0.1.tgz#d3fc114ba06995a45ec6893f484ceb1d78f5f476"

readable-stream@1.0.33:
  version "1.0.33"
  resolved "https://registry.yarnpkg.com/readable-stream/-/readable-stream-1.0.33.tgz#3a360dd66c1b1d7fd4705389860eda1d0f61126c"
  dependencies:
    core-util-is "~1.0.0"
    inherits "~2.0.1"
    isarray "0.0.1"
    string_decoder "~0.10.x"

"readable-stream@>=1.0.33-1 <1.1.0-0":
  version "1.0.34"
  resolved "https://registry.yarnpkg.com/readable-stream/-/readable-stream-1.0.34.tgz#125820e34bc842d2f2aaafafe4c2916ee32c157c"
  dependencies:
    core-util-is "~1.0.0"
    inherits "~2.0.1"
    isarray "0.0.1"
    string_decoder "~0.10.x"

readable-stream@^1.0.27-1, readable-stream@^1.0.33:
  version "1.1.14"
  resolved "https://registry.yarnpkg.com/readable-stream/-/readable-stream-1.1.14.tgz#7cf4c54ef648e3813084c636dd2079e166c081d9"
  dependencies:
    core-util-is "~1.0.0"
    inherits "~2.0.1"
    isarray "0.0.1"
    string_decoder "~0.10.x"

readable-stream@^2.1.5:
  version "2.2.9"
  resolved "https://registry.yarnpkg.com/readable-stream/-/readable-stream-2.2.9.tgz#cf78ec6f4a6d1eb43d26488cac97f042e74b7fc8"
  dependencies:
    buffer-shims "~1.0.0"
    core-util-is "~1.0.0"
    inherits "~2.0.1"
    isarray "~1.0.0"
    process-nextick-args "~1.0.6"
    string_decoder "~1.0.0"
    util-deprecate "~1.0.1"

readable-stream@~2.0.6:
  version "2.0.6"
  resolved "https://registry.yarnpkg.com/readable-stream/-/readable-stream-2.0.6.tgz#8f90341e68a53ccc928788dacfcd11b36eb9b78e"
  dependencies:
    core-util-is "~1.0.0"
    inherits "~2.0.1"
    isarray "~1.0.0"
    process-nextick-args "~1.0.6"
    string_decoder "~0.10.x"
    util-deprecate "~1.0.1"

semver@~5.1.0:
  version "5.1.1"
  resolved "https://registry.yarnpkg.com/semver/-/semver-5.1.1.tgz#a3292a373e6f3e0798da0b20641b9a9c5bc47e19"

spark-md5@3.0.0:
  version "3.0.0"
  resolved "https://registry.yarnpkg.com/spark-md5/-/spark-md5-3.0.0.tgz#3722227c54e2faf24b1dc6d933cc144e6f71bfef"

split2@^2.1.0:
  version "2.1.1"
  resolved "https://registry.yarnpkg.com/split2/-/split2-2.1.1.tgz#7a1f551e176a90ecd3345f7246a0cfe175ef4fd0"
  dependencies:
    through2 "^2.0.2"

stream-batch@^1.0.0:
  version "1.0.0"
  resolved "https://registry.yarnpkg.com/stream-batch/-/stream-batch-1.0.0.tgz#0ddb753abe2f4c4015c8e8d46359e0c6f75a5028"
  dependencies:
    through2 "^0.6.3"

string_decoder@~0.10.x:
  version "0.10.31"
  resolved "https://registry.yarnpkg.com/string_decoder/-/string_decoder-0.10.31.tgz#62e203bc41766c6c28c9fc84301dab1c5310fa94"

string_decoder@~1.0.0:
  version "1.0.0"
  resolved "https://registry.yarnpkg.com/string_decoder/-/string_decoder-1.0.0.tgz#f06f41157b664d86069f84bdbdc9b0d8ab281667"
  dependencies:
    buffer-shims "~1.0.0"

sublevel-pouchdb@6.2.0:
  version "6.2.0"
  resolved "https://registry.yarnpkg.com/sublevel-pouchdb/-/sublevel-pouchdb-6.2.0.tgz#6501ced7d5a51e1e33e5e61ccf8362241ba0b588"
  dependencies:
    inherits "2.0.3"
    level-codec "7.0.0"
    ltgt "2.1.3"
    readable-stream "1.0.33"

through2@2.0.3, through2@^2.0.0, through2@^2.0.2, through2@^2.0.3:
  version "2.0.3"
  resolved "https://registry.yarnpkg.com/through2/-/through2-2.0.3.tgz#0004569b37c7c74ba39c43f3ced78d1ad94140be"
  dependencies:
    readable-stream "^2.1.5"
    xtend "~4.0.1"

through2@^0.6.3:
  version "0.6.5"
  resolved "https://registry.yarnpkg.com/through2/-/through2-0.6.5.tgz#41ab9c67b29d57209071410e1d7a7a968cd3ad48"
  dependencies:
    readable-stream ">=1.0.33-1 <1.1.0-0"
    xtend ">=4.0.0 <4.1.0-0"

to-string-tag-x@^1.1.1, to-string-tag-x@^1.2.0:
  version "1.2.0"
  resolved "https://registry.yarnpkg.com/to-string-tag-x/-/to-string-tag-x-1.2.0.tgz#22d8861bedde2db8f18e2da0a002a843e56e0135"
  dependencies:
    lodash.isnull "^3.0.0"
    validate.io-undefined "^1.0.3"

typescript@^2.3.2:
  version "2.3.2"
  resolved "https://registry.yarnpkg.com/typescript/-/typescript-2.3.2.tgz#f0f045e196f69a72f06b25fd3bd39d01c3ce9984"

util-deprecate@~1.0.1:
  version "1.0.2"
  resolved "https://registry.yarnpkg.com/util-deprecate/-/util-deprecate-1.0.2.tgz#450d4dc9fa70de732762fbd2d4a28981419a0ccf"

validate.io-undefined@^1.0.3:
  version "1.0.3"
  resolved "https://registry.yarnpkg.com/validate.io-undefined/-/validate.io-undefined-1.0.3.tgz#7e27fcbb315b841e78243431897671929e20b7f4"

vuvuzela@1.0.3:
  version "1.0.3"
  resolved "https://registry.yarnpkg.com/vuvuzela/-/vuvuzela-1.0.3.tgz#3be145e58271c73ca55279dd851f12a682114b0b"

"xtend@>=4.0.0 <4.1.0-0", xtend@^4.0.0, xtend@~4.0.0, xtend@~4.0.1:
  version "4.0.1"
  resolved "https://registry.yarnpkg.com/xtend/-/xtend-4.0.1.tgz#a5c6d532be656e23db820efb943a1f04998d63af"
